{
  "requires": true,
  "lockfileVersion": 1,
  "dependencies": {
    "grpc-web": {
      "version": "1.0.6",
      "resolved": "https://registry.npmjs.org/grpc-web/-/grpc-web-1.0.6.tgz",
      "integrity": "sha512-iwqchQXNsA8bcJwuYEv/A8ScEaf5nA5+vtptEv2KN646KW94tsq7O+Q7hy5+gADOg6XhmJqPhSlvTMdiHlVfcw=="
    }
  }
}
