
Microsoft Visual Studio Solution File, Format Version 12.00
Project("{FAE04EC0-301F-11D3-BF4B-00C04F79EFBC}") = "ArtifactGenerator", "ArtifactGenerator\ArtifactGenerator.csproj", "{E13BCAE7-3763-4C0F-A5BD-B89249DBCD9E}"
EndProject
Project("{2150E333-8FDC-42A3-9474-1A3956D46DE8}") = "scripts", "scripts", "{53885432-8943-4DEC-9C3E-82EBBDB62272}"
ProjectSection(SolutionItems) = preProject
	..\..\artifacts\build-model.sh = ..\..\artifacts\build-model.sh
	docker-build.sh = docker-build.sh
EndProjectSection
EndProject
Global
	GlobalSection(SolutionConfigurationPlatforms) = preSolution
		Debug|Any CPU = Debug|Any CPU
		Release|Any CPU = Release|Any CPU
	EndGlobalSection
	GlobalSection(ProjectConfigurationPlatforms) = postSolution
		{E13BCAE7-3763-4C0F-A5BD-B89249DBCD9E}.Debug|Any CPU.ActiveCfg = Debug|Any CPU
		{E13BCAE7-3763-4C0F-A5BD-B89249DBCD9E}.Debug|Any CPU.Build.0 = Debug|Any CPU
		{E13BCAE7-3763-4C0F-A5BD-B89249DBCD9E}.Release|Any CPU.ActiveCfg = Release|Any CPU
		{E13BCAE7-3763-4C0F-A5BD-B89249DBCD9E}.Release|Any CPU.Build.0 = Release|Any CPU
	EndGlobalSection
EndGlobal
