
Microsoft Visual Studio Solution File, Format Version 12.00
Project("{FAE04EC0-301F-11D3-BF4B-00C04F79EFBC}") = "TaxonomyService", "TaxonomyService\TaxonomyService.csproj", "{1C5EE34E-5D78-4A93-A2D7-3AFEA089F4FF}"
EndProject
Project("{FAE04EC0-301F-11D3-BF4B-00C04F79EFBC}") = "TaxonomyClient", "TaxonomyClient\TaxonomyClient.csproj", "{8F5AEDAC-6370-4FF5-8C17-2493483447BE}"
EndProject
Project("{FAE04EC0-301F-11D3-BF4B-00C04F79EFBC}") = "TaxonomyModel", "TaxonomyModel\TaxonomyModel.csproj", "{E5717A22-E91F-457A-A790-A8C6C3E7DE6A}"
EndProject
Project("{2150E333-8FDC-42A3-9474-1A3956D46DE8}") = "scripts", "scripts", "{223839F0-868E-4FC2-B185-93371265BD05}"
ProjectSection(SolutionItems) = preProject
	docker-compose.yaml = docker-compose.yaml
	docker-build.sh = docker-build.sh
EndProjectSection
EndProject
Global
	GlobalSection(SolutionConfigurationPlatforms) = preSolution
		Debug|Any CPU = Debug|Any CPU
		Release|Any CPU = Release|Any CPU
	EndGlobalSection
	GlobalSection(ProjectConfigurationPlatforms) = postSolution
		{1C5EE34E-5D78-4A93-A2D7-3AFEA089F4FF}.Debug|Any CPU.ActiveCfg = Debug|Any CPU
		{1C5EE34E-5D78-4A93-A2D7-3AFEA089F4FF}.Debug|Any CPU.Build.0 = Debug|Any CPU
		{1C5EE34E-5D78-4A93-A2D7-3AFEA089F4FF}.Release|Any CPU.ActiveCfg = Release|Any CPU
		{1C5EE34E-5D78-4A93-A2D7-3AFEA089F4FF}.Release|Any CPU.Build.0 = Release|Any CPU
		{8F5AEDAC-6370-4FF5-8C17-2493483447BE}.Debug|Any CPU.ActiveCfg = Debug|Any CPU
		{8F5AEDAC-6370-4FF5-8C17-2493483447BE}.Debug|Any CPU.Build.0 = Debug|Any CPU
		{8F5AEDAC-6370-4FF5-8C17-2493483447BE}.Release|Any CPU.ActiveCfg = Release|Any CPU
		{8F5AEDAC-6370-4FF5-8C17-2493483447BE}.Release|Any CPU.Build.0 = Release|Any CPU
		{E5717A22-E91F-457A-A790-A8C6C3E7DE6A}.Debug|Any CPU.ActiveCfg = Debug|Any CPU
		{E5717A22-E91F-457A-A790-A8C6C3E7DE6A}.Debug|Any CPU.Build.0 = Debug|Any CPU
		{E5717A22-E91F-457A-A790-A8C6C3E7DE6A}.Release|Any CPU.ActiveCfg = Release|Any CPU
		{E5717A22-E91F-457A-A790-A8C6C3E7DE6A}.Release|Any CPU.Build.0 = Release|Any CPU
	EndGlobalSection
EndGlobal
